
Microsoft Visual Studio Solution File, Format Version 12.00
# Visual Studio Version 17
VisualStudioVersion = 17.11.35327.3
MinimumVisualStudioVersion = 10.0.40219.1
Project("{9A19103F-16F7-4668-BE54-9A1E7A4F7556}") = "Bulkyweb", "Bulkyweb\Bulkyweb.csproj", "{4697F288-825A-4F76-9525-34C1012E8774}"
	ProjectSection(ProjectDependencies) = postProject
		{CBA08842-5443-4605-8040-B960300B8D7A} = {CBA08842-5443-4605-8040-B960300B8D7A}
	EndProjectSection
EndProject
Project("{FAE04EC0-301F-11D3-BF4B-00C04F79EFBC}") = "Bulky.DataAccess", "Bulky.DataAccess\Bulky.DataAccess.csproj", "{CBA08842-5443-4605-8040-B960300B8D7A}"
EndProject
Project("{FAE04EC0-301F-11D3-BF4B-00C04F79EFBC}") = "Bulky.Models", "Bulky.Models\Bulky.Models.csproj", "{6281262C-B8AC-4AB5-A7A3-8F14EC336417}"
EndProject
Project("{FAE04EC0-301F-11D3-BF4B-00C04F79EFBC}") = "Bulky.Utility", "Bulky.Utility\Bulky.Utility.csproj", "{1B628651-6E3E-48EB-8074-EE6F007451E7}"
EndProject
Global
	GlobalSection(SolutionConfigurationPlatforms) = preSolution
		Debug|Any CPU = Debug|Any CPU
		Release|Any CPU = Release|Any CPU
	EndGlobalSection
	GlobalSection(ProjectConfigurationPlatforms) = postSolution
		{4697F288-825A-4F76-9525-34C1012E8774}.Debug|Any CPU.ActiveCfg = Debug|Any CPU
		{4697F288-825A-4F76-9525-34C1012E8774}.Debug|Any CPU.Build.0 = Debug|Any CPU
		{4697F288-825A-4F76-9525-34C1012E8774}.Release|Any CPU.ActiveCfg = Release|Any CPU
		{4697F288-825A-4F76-9525-34C1012E8774}.Release|Any CPU.Build.0 = Release|Any CPU
		{CBA08842-5443-4605-8040-B960300B8D7A}.Debug|Any CPU.ActiveCfg = Debug|Any CPU
		{CBA08842-5443-4605-8040-B960300B8D7A}.Debug|Any CPU.Build.0 = Debug|Any CPU
		{CBA08842-5443-4605-8040-B960300B8D7A}.Release|Any CPU.ActiveCfg = Release|Any CPU
		{CBA08842-5443-4605-8040-B960300B8D7A}.Release|Any CPU.Build.0 = Release|Any CPU
		{6281262C-B8AC-4AB5-A7A3-8F14EC336417}.Debug|Any CPU.ActiveCfg = Debug|Any CPU
		{6281262C-B8AC-4AB5-A7A3-8F14EC336417}.Debug|Any CPU.Build.0 = Debug|Any CPU
		{6281262C-B8AC-4AB5-A7A3-8F14EC336417}.Release|Any CPU.ActiveCfg = Release|Any CPU
		{6281262C-B8AC-4AB5-A7A3-8F14EC336417}.Release|Any CPU.Build.0 = Release|Any CPU
		{1B628651-6E3E-48EB-8074-EE6F007451E7}.Debug|Any CPU.ActiveCfg = Debug|Any CPU
		{1B628651-6E3E-48EB-8074-EE6F007451E7}.Debug|Any CPU.Build.0 = Debug|Any CPU
		{1B628651-6E3E-48EB-8074-EE6F007451E7}.Release|Any CPU.ActiveCfg = Release|Any CPU
		{1B628651-6E3E-48EB-8074-EE6F007451E7}.Release|Any CPU.Build.0 = Release|Any CPU
	EndGlobalSection
	GlobalSection(SolutionProperties) = preSolution
		HideSolutionNode = FALSE
	EndGlobalSection
	GlobalSection(ExtensibilityGlobals) = postSolution
		SolutionGuid = {E6CDF95C-97CC-4066-B1BF-031AA04BB379}
	EndGlobalSection
EndGlobal
